Microsoft Visual Studio Solution File, Format Version 12.00
# Visual Studio 15
VisualStudioVersion = 15.0.28307.1401
MinimumVisualStudioVersion = 10.0.40219.1
Project("{FAE04EC0-301F-11D3-BF4B-00C04F79EFBC}") = "Atalasoft.Demo.WebDocumentViewer", "Atalasoft.Demo.WebDocumentViewer\Atalasoft.Demo.WebDocumentViewer.csproj", "{80681F4E-6DD3-421E-A209-A14A20CE0733}"
EndProject
Global
	GlobalSection(SolutionConfigurationPlatforms) = preSolution
		Debug|x86 = Debug|x86
		Release|x86 = Release|x86
	EndGlobalSection
	GlobalSection(ProjectConfigurationPlatforms) = postSolution
		{80681F4E-6DD3-421E-A209-A14A20CE0733}.Debug|x86.ActiveCfg = Debug|x86
		{80681F4E-6DD3-421E-A209-A14A20CE0733}.Debug|x86.Build.0 = Debug|x86
		{80681F4E-6DD3-421E-A209-A14A20CE0733}.Release|x86.ActiveCfg = Release|x86
		{80681F4E-6DD3-421E-A209-A14A20CE0733}.Release|x86.Build.0 = Release|x86
	EndGlobalSection
	GlobalSection(SolutionProperties) = preSolution
		HideSolutionNode = FALSE
	EndGlobalSection
	GlobalSection(ExtensibilityGlobals) = postSolution
		SolutionGuid = {731968EC-BFB1-4F43-A6BF-57CB517CD20B}
	EndGlobalSection
EndGlobal
